
Microsoft Visual Studio Solution File, Format Version 12.00
# Visual Studio Version 17
VisualStudioVersion = 17.11.35303.130
MinimumVisualStudioVersion = 10.0.40219.1
Project("{FAE04EC0-301F-11D3-BF4B-00C04F79EFBC}") = "DinoGameAI", "DinoGameAI\DinoGameAI.csproj", "{07D3D324-E2A8-47C9-A88E-824A66A2902D}"
EndProject
Global
	GlobalSection(SolutionConfigurationPlatforms) = preSolution
		Debug|Any CPU = Debug|Any CPU
		Release|Any CPU = Release|Any CPU
	EndGlobalSection
	GlobalSection(ProjectConfigurationPlatforms) = postSolution
		{07D3D324-E2A8-47C9-A88E-824A66A2902D}.Debug|Any CPU.ActiveCfg = Debug|Any CPU
		{07D3D324-E2A8-47C9-A88E-824A66A2902D}.Debug|Any CPU.Build.0 = Debug|Any CPU
		{07D3D324-E2A8-47C9-A88E-824A66A2902D}.Release|Any CPU.ActiveCfg = Release|Any CPU
		{07D3D324-E2A8-47C9-A88E-824A66A2902D}.Release|Any CPU.Build.0 = Release|Any CPU
	EndGlobalSection
	GlobalSection(SolutionProperties) = preSolution
		HideSolutionNode = FALSE
	EndGlobalSection
	GlobalSection(ExtensibilityGlobals) = postSolution
		SolutionGuid = {933A1BE7-9A2F-4C3D-BFC5-937ED0E1A923}
	EndGlobalSection
EndGlobal
